// !$*UTF8*$!
{
	archiveVersion = 1;
	classes = {
	};
	objectVersion = 46;
	objects = {

/* Begin PBXBuildFile section */
		C7AEC8AA1A3F2D9B000D0C95 /* AppDelegate.swift in Sources */ = {isa = PBXBuildFile; fileRef = C7AEC8A91A3F2D9B000D0C95 /* AppDelegate.swift */; };
		C7AEC8AC1A3F2D9B000D0C95 /* ViewController.swift in Sources */ = {isa = PBXBuildFile; fileRef = C7AEC8AB1A3F2D9B000D0C95 /* ViewController.swift */; };
		C7AEC8AF1A3F2D9B000D0C95 /* Main.storyboard in Resources */ = {isa = PBXBuildFile; fileRef = C7AEC8AD1A3F2D9B000D0C95 /* Main.storyboard */; };
		C7AEC8B11A3F2D9B000D0C95 /* Images.xcassets in Resources */ = {isa = PBXBuildFile; fileRef = C7AEC8B01A3F2D9B000D0C95 /* Images.xcassets */; };
		C7AEC8B41A3F2D9B000D0C95 /* LaunchScreen.xib in Resources */ = {isa = PBXBuildFile; fileRef = C7AEC8B21A3F2D9B000D0C95 /* LaunchScreen.xib */; };
		C7AEC8C01A3F2D9B000D0C95 /* ShoeConvertorTests.swift in Sources */ = {isa = PBXBuildFile; fileRef = C7AEC8BF1A3F2D9B000D0C95 /* ShoeConvertorTests.swift */; };
/* End PBXBuildFile section */

/* Begin PBXContainerItemProxy section */
		C7AEC8BA1A3F2D9B000D0C95 /* PBXContainerItemProxy */ = {
			isa = PBXContainerItemProxy;
			containerPortal = C7AEC89C1A3F2D9B000D0C95 /* Project object */;
			proxyType = 1;
			remoteGlobalIDString = C7AEC8A31A3F2D9B000D0C95;
			remoteInfo = ShoeConvertor;
		};
/* End PBXContainerItemProxy section */

/* Begin PBXFileReference section */
		C7AEC8A41A3F2D9B000D0C95 /* ShoeConvertor.app */ = {isa = PBXFileReference; explicitFileType = wrapper.application; includeInIndex = 0; path = ShoeConvertor.app; sourceTree = BUILT_PRODUCTS_DIR; };
		C7AEC8A81A3F2D9B000D0C95 /* Info.plist */ = {isa = PBXFileReference; lastKnownFileType = text.plist.xml; path = Info.plist; sourceTree = "<group>"; };
		C7AEC8A91A3F2D9B000D0C95 /* AppDelegate.swift */ = {isa = PBXFileReference; lastKnownFileType = sourcecode.swift; path = AppDelegate.swift; sourceTree = "<group>"; };
		C7AEC8AB1A3F2D9B000D0C95 /* ViewController.swift */ = {isa = PBXFileReference; lastKnownFileType = sourcecode.swift; path = ViewController.swift; sourceTree = "<group>"; };
		C7AEC8AE1A3F2D9B000D0C95 /* Base */ = {isa = PBXFileReference; lastKnownFileType = file.storyboard; name = Base; path = Base.lproj/Main.storyboard; sourceTree = "<group>"; };
		C7AEC8B01A3F2D9B000D0C95 /* Images.xcassets */ = {isa = PBXFileReference; lastKnownFileType = folder.assetcatalog; path = Images.xcassets; sourceTree = "<group>"; };
		C7AEC8B31A3F2D9B000D0C95 /* Base */ = {isa = PBXFileReference; lastKnownFileType = file.xib; name = Base; path = Base.lproj/LaunchScreen.xib; sourceTree = "<group>"; };
		C7AEC8B91A3F2D9B000D0C95 /* ShoeConvertorTests.xctest */ = {isa = PBXFileReference; explicitFileType = wrapper.cfbundle; includeInIndex = 0; path = ShoeConvertorTests.xctest; sourceTree = BUILT_PRODUCTS_DIR; };
		C7AEC8BE1A3F2D9B000D0C95 /* Info.plist */ = {isa = PBXFileReference; lastKnownFileType = text.plist.xml; path = Info.plist; sourceTree = "<group>"; };
		C7AEC8BF1A3F2D9B000D0C95 /* ShoeConvertorTests.swift */ = {isa = PBXFileReference; lastKnownFileType = sourcecode.swift; path = ShoeConvertorTests.swift; sourceTree = "<group>"; };
/* End PBXFileReference section */

/* Begin PBXFrameworksBuildPhase section */
		C7AEC8A11A3F2D9B000D0C95 /* Frameworks */ = {
			isa = PBXFrameworksBuildPhase;
			buildActionMask = 2147483647;
			files = (
			);
			runOnlyForDeploymentPostprocessing = 0;
		};
		C7AEC8B61A3F2D9B000D0C95 /* Frameworks */ = {
			isa = PBXFrameworksBuildPhase;
			buildActionMask = 2147483647;
			files = (
			);
			runOnlyForDeploymentPostprocessing = 0;
		};
/* End PBXFrameworksBuildPhase section */

/* Begin PBXGroup section */
		C7AEC89B1A3F2D9B000D0C95 = {
			isa = PBXGroup;
			children = (
				C7AEC8A61A3F2D9B000D0C95 /* ShoeConvertor */,
				C7AEC8BC1A3F2D9B000D0C95 /* ShoeConvertorTests */,
				C7AEC8A51A3F2D9B000D0C95 /* Products */,
			);
			sourceTree = "<group>";
		};
		C7AEC8A51A3F2D9B000D0C95 /* Products */ = {
			isa = PBXGroup;
			children = (
				C7AEC8A41A3F2D9B000D0C95 /* ShoeConvertor.app */,
				C7AEC8B91A3F2D9B000D0C95 /* ShoeConvertorTests.xctest */,
			);
			name = Products;
			sourceTree = "<group>";
		};
		C7AEC8A61A3F2D9B000D0C95 /* ShoeConvertor */ = {
			isa = PBXGroup;
			children = (
				C7AEC8A91A3F2D9B000D0C95 /* AppDelegate.swift */,
				C7AEC8AB1A3F2D9B000D0C95 /* ViewController.swift */,
				C7AEC8AD1A3F2D9B000D0C95 /* Main.storyboard */,
				C7AEC8B01A3F2D9B000D0C95 /* Images.xcassets */,
				C7AEC8B21A3F2D9B000D0C95 /* LaunchScreen.xib */,
				C7AEC8A71A3F2D9B000D0C95 /* Supporting Files */,
			);
			path = ShoeConvertor;
			sourceTree = "<group>";
		};
		C7AEC8A71A3F2D9B000D0C95 /* Supporting Files */ = {
			isa = PBXGroup;
			children = (
				C7AEC8A81A3F2D9B000D0C95 /* Info.plist */,
			);
			name = "Supporting Files";
			sourceTree = "<group>";
		};
		C7AEC8BC1A3F2D9B000D0C95 /* ShoeConvertorTests */ = {
			isa = PBXGroup;
			children = (
				C7AEC8BF1A3F2D9B000D0C95 /* ShoeConvertorTests.swift */,
				C7AEC8BD1A3F2D9B000D0C95 /* Supporting Files */,
			);
			path = ShoeConvertorTests;
			sourceTree = "<group>";
		};
		C7AEC8BD1A3F2D9B000D0C95 /* Supporting Files */ = {
			isa = PBXGroup;
			children = (
				C7AEC8BE1A3F2D9B000D0C95 /* Info.plist */,
			);
			name = "Supporting Files";
			sourceTree = "<group>";
		};
/* End PBXGroup section */

/* Begin PBXNativeTarget section */
		C7AEC8A31A3F2D9B000D0C95 /* ShoeConvertor */ = {
			isa = PBXNativeTarget;
			buildConfigurationList = C7AEC8C31A3F2D9B000D0C95 /* Build configuration list for PBXNativeTarget "ShoeConvertor" */;
			buildPhases = (
				C7AEC8A01A3F2D9B000D0C95 /* Sources */,
				C7AEC8A11A3F2D9B000D0C95 /* Frameworks */,
				C7AEC8A21A3F2D9B000D0C95 /* Resources */,
			);
			buildRules = (
			);
			dependencies = (
			);
			name = ShoeConvertor;
			productName = ShoeConvertor;
			productReference = C7AEC8A41A3F2D9B000D0C95 /* ShoeConvertor.app */;
			productType = "com.apple.product-type.application";
		};
		C7AEC8B81A3F2D9B000D0C95 /* ShoeConvertorTests */ = {
			isa = PBXNativeTarget;
			buildConfigurationList = C7AEC8C61A3F2D9B000D0C95 /* Build configuration list for PBXNativeTarget "ShoeConvertorTests" */;
			buildPhases = (
				C7AEC8B51A3F2D9B000D0C95 /* Sources */,
				C7AEC8B61A3F2D9B000D0C95 /* Frameworks */,
				C7AEC8B71A3F2D9B000D0C95 /* Resources */,
			);
			buildRules = (
			);
			dependencies = (
				C7AEC8BB1A3F2D9B000D0C95 /* PBXTargetDependency */,
			);
			name = ShoeConvertorTests;
			productName = ShoeConvertorTests;
			productReference = C7AEC8B91A3F2D9B000D0C95 /* ShoeConvertorTests.xctest */;
			productType = "com.apple.product-type.bundle.unit-test";
		};
/* End PBXNativeTarget section */

/* Begin PBXProject section */
		C7AEC89C1A3F2D9B000D0C95 /* Project object */ = {
			isa = PBXProject;
			attributes = {
				LastUpgradeCheck = 0610;
				ORGANIZATIONNAME = xpertSolutions;
				TargetAttributes = {
					C7AEC8A31A3F2D9B000D0C95 = {
						CreatedOnToolsVersion = 6.1;
					};
					C7AEC8B81A3F2D9B000D0C95 = {
						CreatedOnToolsVersion = 6.1;
						TestTargetID = C7AEC8A31A3F2D9B000D0C95;
					};
				};
			};
			buildConfigurationList = C7AEC89F1A3F2D9B000D0C95 /* Build configuration list for PBXProject "ShoeConvertor" */;
			compatibilityVersion = "Xcode 3.2";
			developmentRegion = English;
			hasScannedForEncodings = 0;
			knownRegions = (
				en,
				Base,
			);
			mainGroup = C7AEC89B1A3F2D9B000D0C95;
			productRefGroup = C7AEC8A51A3F2D9B000D0C95 /* Products */;
			projectDirPath = "";
			projectRoot = "";
			targets = (
				C7AEC8A31A3F2D9B000D0C95 /* ShoeConvertor */,
				C7AEC8B81A3F2D9B000D0C95 /* ShoeConvertorTests */,
			);
		};
/* End PBXProject section */

/* Begin PBXResourcesBuildPhase section */
		C7AEC8A21A3F2D9B000D0C95 /* Resources */ = {
			isa = PBXResourcesBuildPhase;
			buildActionMask = 2147483647;
			files = (
				C7AEC8AF1A3F2D9B000D0C95 /* Main.storyboard in Resources */,
				C7AEC8B41A3F2D9B000D0C95 /* LaunchScreen.xib in Resources */,
				C7AEC8B11A3F2D9B000D0C95 /* Images.xcassets in Resources */,
			);
			runOnlyForDeploymentPostprocessing = 0;
		};
		C7AEC8B71A3F2D9B000D0C95 /* Resources */ = {
			isa = PBXResourcesBuildPhase;
			buildActionMask = 2147483647;
			files = (
			);
			runOnlyForDeploymentPostprocessing = 0;
		};
/* End PBXResourcesBuildPhase section */

/* Begin PBXSourcesBuildPhase section */
		C7AEC8A01A3F2D9B000D0C95 /* Sources */ = {
			isa = PBXSourcesBuildPhase;
			buildActionMask = 2147483647;
			files = (
				C7AEC8AC1A3F2D9B000D0C95 /* ViewController.swift in Sources */,
				C7AEC8AA1A3F2D9B000D0C95 /* AppDelegate.swift in Sources */,
			);
			runOnlyForDeploymentPostprocessing = 0;
		};
		C7AEC8B51A3F2D9B000D0C95 /* Sources */ = {
			isa = PBXSourcesBuildPhase;
			buildActionMask = 2147483647;
			files = (
				C7AEC8C01A3F2D9B000D0C95 /* ShoeConvertorTests.swift in Sources */,
			);
			runOnlyForDeploymentPostprocessing = 0;
		};
/* End PBXSourcesBuildPhase section */

/* Begin PBXTargetDependency section */
		C7AEC8BB1A3F2D9B000D0C95 /* PBXTargetDependency */ = {
			isa = PBXTargetDependency;
			target = C7AEC8A31A3F2D9B000D0C95 /* ShoeConvertor */;
			targetProxy = C7AEC8BA1A3F2D9B000D0C95 /* PBXContainerItemProxy */;
		};
/* End PBXTargetDependency section */

/* Begin PBXVariantGroup section */
		C7AEC8AD1A3F2D9B000D0C95 /* Main.storyboard */ = {
			isa = PBXVariantGroup;
			children = (
				C7AEC8AE1A3F2D9B000D0C95 /* Base */,
			);
			name = Main.storyboard;
			sourceTree = "<group>";
		};
		C7AEC8B21A3F2D9B000D0C95 /* LaunchScreen.xib */ = {
			isa = PBXVariantGroup;
			children = (
				C7AEC8B31A3F2D9B000D0C95 /* Base */,
			);
			name = LaunchScreen.xib;
			sourceTree = "<group>";
		};
/* End PBXVariantGroup section */

/* Begin XCBuildConfiguration section */
		C7AEC8C11A3F2D9B000D0C95 /* Debug */ = {
			isa = XCBuildConfiguration;
			buildSettings = {
				ALWAYS_SEARCH_USER_PATHS = NO;
				CLANG_CXX_LANGUAGE_STANDARD = "gnu++0x";
				CLANG_CXX_LIBRARY = "libc++";
				CLANG_ENABLE_MODULES = YES;
				CLANG_ENABLE_OBJC_ARC = YES;
				CLANG_WARN_BOOL_CONVERSION = YES;
				CLANG_WARN_CONSTANT_CONVERSION = YES;
				CLANG_WARN_DIRECT_OBJC_ISA_USAGE = YES_ERROR;
				CLANG_WARN_EMPTY_BODY = YES;
				CLANG_WARN_ENUM_CONVERSION = YES;
				CLANG_WARN_INT_CONVERSION = YES;
				CLANG_WARN_OBJC_ROOT_CLASS = YES_ERROR;
				CLANG_WARN_UNREACHABLE_CODE = YES;
				CLANG_WARN__DUPLICATE_METHOD_MATCH = YES;
				"CODE_SIGN_IDENTITY[sdk=iphoneos*]" = "iPhone Developer";
				COPY_PHASE_STRIP = NO;
				ENABLE_STRICT_OBJC_MSGSEND = YES;
				GCC_C_LANGUAGE_STANDARD = gnu99;
				GCC_DYNAMIC_NO_PIC = NO;
				GCC_OPTIMIZATION_LEVEL = 0;
				GCC_PREPROCESSOR_DEFINITIONS = (
					"DEBUG=1",
					"$(inherited)",
				);
				GCC_SYMBOLS_PRIVATE_EXTERN = NO;
				GCC_WARN_64_TO_32_BIT_CONVERSION = YES;
				GCC_WARN_ABOUT_RETURN_TYPE = YES_ERROR;
				GCC_WARN_UNDECLARED_SELECTOR = YES;
				GCC_WARN_UNINITIALIZED_AUTOS = YES_AGGRESSIVE;
				GCC_WARN_UNUSED_FUNCTION = YES;
				GCC_WARN_UNUSED_VARIABLE = YES;
				IPHONEOS_DEPLOYMENT_TARGET = 8.1;
				MTL_ENABLE_DEBUG_INFO = YES;
				ONLY_ACTIVE_ARCH = YES;
				SDKROOT = iphoneos;
				SWIFT_OPTIMIZATION_LEVEL = "-Onone";
				TARGETED_DEVICE_FAMILY = 2;
			};
			name = Debug;
		};
		C7AEC8C21A3F2D9B000D0C95 /* Release */ = {
			isa = XCBuildConfiguration;
			buildSettings = {
				ALWAYS_SEARCH_USER_PATHS = NO;
				CLANG_CXX_LANGUAGE_STANDARD = "gnu++0x";
				CLANG_CXX_LIBRARY = "libc++";
				CLANG_ENABLE_MODULES = YES;
				CLANG_ENABLE_OBJC_ARC = YES;
				CLANG_WARN_BOOL_CONVERSION = YES;
				CLANG_WARN_CONSTANT_CONVERSION = YES;
				CLANG_WARN_DIRECT_OBJC_ISA_USAGE = YES_ERROR;
				CLANG_WARN_EMPTY_BODY = YES;
				CLANG_WARN_ENUM_CONVERSION = YES;
				CLANG_WARN_INT_CONVERSION = YES;
				CLANG_WARN_OBJC_ROOT_CLASS = YES_ERROR;
				CLANG_WARN_UNREACHABLE_CODE = YES;
				CLANG_WARN__DUPLICATE_METHOD_MATCH = YES;
				"CODE_SIGN_IDENTITY[sdk=iphoneos*]" = "iPhone Developer";
				COPY_PHASE_STRIP = YES;
				ENABLE_NS_ASSERTIONS = NO;
				ENABLE_STRICT_OBJC_MSGSEND = YES;
				GCC_C_LANGUAGE_STANDARD = gnu99;
				GCC_WARN_64_TO_32_BIT_CONVERSION = YES;
				GCC_WARN_ABOUT_RETURN_TYPE = YES_ERROR;
				GCC_WARN_UNDECLARED_SELECTOR = YES;
				GCC_WARN_UNINITIALIZED_AUTOS = YES_AGGRESSIVE;
				GCC_WARN_UNUSED_FUNCTION = YES;
				GCC_WARN_UNUSED_VARIABLE = YES;
				IPHONEOS_DEPLOYMENT_TARGET = 8.1;
				MTL_ENABLE_DEBUG_INFO = NO;
				SDKROOT = iphoneos;
				TARGETED_DEVICE_FAMILY = 2;
				VALIDATE_PRODUCT = YES;
			};
			name = Release;
		};
		C7AEC8C41A3F2D9B000D0C95 /* Debug */ = {
			isa = XCBuildConfiguration;
			buildSettings = {
				ASSETCATALOG_COMPILER_APPICON_NAME = AppIcon;
				INFOPLIST_FILE = ShoeConvertor/Info.plist;
				LD_RUNPATH_SEARCH_PATHS = "$(inherited) @executable_path/Frameworks";
				PRODUCT_NAME = "$(TARGET_NAME)";
			};
			name = Debug;
		};
		C7AEC8C51A3F2D9B000D0C95 /* Release */ = {
			isa = XCBuildConfiguration;
			buildSettings = {
				ASSETCATALOG_COMPILER_APPICON_NAME = AppIcon;
				INFOPLIST_FILE = ShoeConvertor/Info.plist;
				LD_RUNPATH_SEARCH_PATHS = "$(inherited) @executable_path/Frameworks";
				PRODUCT_NAME = "$(TARGET_NAME)";
			};
			name = Release;
		};
		C7AEC8C71A3F2D9B000D0C95 /* Debug */ = {
			isa = XCBuildConfiguration;
			buildSettings = {
				BUNDLE_LOADER = "$(TEST_HOST)";
				FRAMEWORK_SEARCH_PATHS = (
					"$(SDKROOT)/Developer/Library/Frameworks",
					"$(inherited)",
				);
				GCC_PREPROCESSOR_DEFINITIONS = (
					"DEBUG=1",
					"$(inherited)",
				);
				INFOPLIST_FILE = ShoeConvertorTests/Info.plist;
				LD_RUNPATH_SEARCH_PATHS = "$(inherited) @executable_path/Frameworks @loader_path/Frameworks";
				PRODUCT_NAME = "$(TARGET_NAME)";
				TEST_HOST = "$(BUILT_PRODUCTS_DIR)/ShoeConvertor.app/ShoeConvertor";
			};
			name = Debug;
		};
		C7AEC8C81A3F2D9B000D0C95 /* Release */ = {
			isa = XCBuildConfiguration;
			buildSettings = {
				BUNDLE_LOADER = "$(TEST_HOST)";
				FRAMEWORK_SEARCH_PATHS = (
					"$(SDKROOT)/Developer/Library/Frameworks",
					"$(inherited)",
				);
				INFOPLIST_FILE = ShoeConvertorTests/Info.plist;
				LD_RUNPATH_SEARCH_PATHS = "$(inherited) @executable_path/Frameworks @loader_path/Frameworks";
				PRODUCT_NAME = "$(TARGET_NAME)";
				TEST_HOST = "$(BUILT_PRODUCTS_DIR)/ShoeConvertor.app/ShoeConvertor";
			};
			name = Release;
		};
/* End XCBuildConfiguration section */

/* Begin XCConfigurationList section */
		C7AEC89F1A3F2D9B000D0C95 /* Build configuration list for PBXProject "ShoeConvertor" */ = {
			isa = XCConfigurationList;
			buildConfigurations = (
				C7AEC8C11A3F2D9B000D0C95 /* Debug */,
				C7AEC8C21A3F2D9B000D0C95 /* Release */,
			);
			defaultConfigurationIsVisible = 0;
			defaultConfigurationName = Release;
		};
		C7AEC8C31A3F2D9B000D0C95 /* Build configuration list for PBXNativeTarget "ShoeConvertor" */ = {
			isa = XCConfigurationList;
			buildConfigurations = (
				C7AEC8C41A3F2D9B000D0C95 /* Debug */,
				C7AEC8C51A3F2D9B000D0C95 /* Release */,
			);
			defaultConfigurationIsVisible = 0;
		};
		C7AEC8C61A3F2D9B000D0C95 /* Build configuration list for PBXNativeTarget "ShoeConvertorTests" */ = {
			isa = XCConfigurationList;
			buildConfigurations = (
				C7AEC8C71A3F2D9B000D0C95 /* Debug */,
				C7AEC8C81A3F2D9B000D0C95 /* Release */,
			);
			defaultConfigurationIsVisible = 0;
		};
/* End XCConfigurationList section */
	};
	rootObject = C7AEC89C1A3F2D9B000D0C95 /* Project object */;
}
